
Microsoft Visual Studio Solution File, Format Version 12.00
# Visual Studio Version 16
VisualStudioVersion = 16.0.30907.101
MinimumVisualStudioVersion = 10.0.40219.1
Project("{FAE04EC0-301F-11D3-BF4B-00C04F79EFBC}") = "MyEvent", "MyEvent\MyEvent.csproj", "{364A1F5A-33FD-4B36-B624-1EBDF295B88E}"
EndProject
Global
	GlobalSection(SolutionConfigurationPlatforms) = preSolution
		Debug|Any CPU = Debug|Any CPU
		Release|Any CPU = Release|Any CPU
	EndGlobalSection
	GlobalSection(ProjectConfigurationPlatforms) = postSolution
		{364A1F5A-33FD-4B36-B624-1EBDF295B88E}.Debug|Any CPU.ActiveCfg = Debug|Any CPU
		{364A1F5A-33FD-4B36-B624-1EBDF295B88E}.Debug|Any CPU.Build.0 = Debug|Any CPU
		{364A1F5A-33FD-4B36-B624-1EBDF295B88E}.Release|Any CPU.ActiveCfg = Release|Any CPU
		{364A1F5A-33FD-4B36-B624-1EBDF295B88E}.Release|Any CPU.Build.0 = Release|Any CPU
	EndGlobalSection
	GlobalSection(SolutionProperties) = preSolution
		HideSolutionNode = FALSE
	EndGlobalSection
	GlobalSection(ExtensibilityGlobals) = postSolution
		SolutionGuid = {B33DF6BC-B1AC-454B-9B84-499CE8AC6395}
	EndGlobalSection
EndGlobal
